
Microsoft Visual Studio Solution File, Format Version 12.00
# Visual Studio Version 17
VisualStudioVersion = 17.8.34525.116
MinimumVisualStudioVersion = 10.0.40219.1
Project("{FAE04EC0-301F-11D3-BF4B-00C04F79EFBC}") = "PARCIAL1A", "PARCIAL1A\PARCIAL1A.csproj", "{7A06D5D3-14E7-49A4-811D-07D5AFB9C2DF}"
EndProject
Global
	GlobalSection(SolutionConfigurationPlatforms) = preSolution
		Debug|Any CPU = Debug|Any CPU
		Release|Any CPU = Release|Any CPU
	EndGlobalSection
	GlobalSection(ProjectConfigurationPlatforms) = postSolution
		{7A06D5D3-14E7-49A4-811D-07D5AFB9C2DF}.Debug|Any CPU.ActiveCfg = Debug|Any CPU
		{7A06D5D3-14E7-49A4-811D-07D5AFB9C2DF}.Debug|Any CPU.Build.0 = Debug|Any CPU
		{7A06D5D3-14E7-49A4-811D-07D5AFB9C2DF}.Release|Any CPU.ActiveCfg = Release|Any CPU
		{7A06D5D3-14E7-49A4-811D-07D5AFB9C2DF}.Release|Any CPU.Build.0 = Release|Any CPU
	EndGlobalSection
	GlobalSection(SolutionProperties) = preSolution
		HideSolutionNode = FALSE
	EndGlobalSection
	GlobalSection(ExtensibilityGlobals) = postSolution
		SolutionGuid = {12024AE3-B03A-4359-BF5B-3C745B7C2926}
	EndGlobalSection
EndGlobal
